{
	"archiveVersion": "1",
	"classes": {},
	"objectVersion": "54",
	"objects": {
		"01B38BC8-FAD1-4B3D-A1D4-4C3CD9F54BCF": {
			"fileRef": "7AA980D9-E811-4802-A38A-BB65A486507B",
			"isa": "PBXBuildFile"
		},
		"04B587F1-1C2D-4E48-9344-E7123F523073": {
			"children": [
				"E3DCE0FC-AEB5-48D0-94BD-29C2DA9DE172",
				"8A43CD18-7E5D-41D8-8E8B-9F5EBF6D3944",
				"1D63D09D-DD57-4918-B306-2D93E8026972",
				"2B396D6E-7BD6-4B43-A4AB-A7CAFCD54DAD",
				"10C3BA8E-26E2-417D-BDBF-CF3345AD62C7",
				"AFA2B307-CBB8-40AD-AB8F-ED2B30473B94",
				"C84E3B81-7BC9-4CA7-B80A-0469562148D8",
				"3528D080-FAE5-42EF-B0A1-6AECAD3FE18B",
				"7AA980D9-E811-4802-A38A-BB65A486507B",
				"0E789712-035A-4FE2-B835-040C530F141F",
				"C3DB46A6-1E3E-4E76-AE9D-125AE5E15668",
				"A626575A-B201-45B9-BA09-FACA8A62A94A",
				"A92CB83F-C463-423E-9B82-CCA495AE1D31",
				"E3EA2F9D-0E58-458D-88A5-36C74B11FBF6"
			],
			"isa": "PBXGroup",
			"name": "src",
			"path": "../../../addons/ofxUrg/libs/urg_library/src",
			"sourceTree": "SOURCE_ROOT"
		},
		"0E01024D-2DA2-4607-83A1-88D039192EAA": {
			"explicitFileType": "sourcecode.c.h",
			"fileEncoding": "4",
			"isa": "PBXFileReference",
			"name": "urg_serial_utils.h",
			"path": "../../../addons/ofxUrg/libs/urg_library/include/urg_serial_utils.h",
			"sourceTree": "SOURCE_ROOT"
		},
		"0E789712-035A-4FE2-B835-040C530F141F": {
			"explicitFileType": "sourcecode.c.c",
			"fileEncoding": "4",
			"isa": "PBXFileReference",
			"name": "urg_serial_utils_linux.c",
			"path": "../../../addons/ofxUrg/libs/urg_library/src/urg_serial_utils_linux.c",
			"sourceTree": "SOURCE_ROOT"
		},
		"10C3BA8E-26E2-417D-BDBF-CF3345AD62C7": {
			"explicitFileType": "sourcecode.c.c",
			"fileEncoding": "4",
			"isa": "PBXFileReference",
			"name": "urg_ring_buffer.c",
			"path": "../../../addons/ofxUrg/libs/urg_library/src/urg_ring_buffer.c",
			"sourceTree": "SOURCE_ROOT"
		},
		"1619AC88-2A5F-4AB0-879F-00F3623D8804": {
			"children": [
				"8E204BFE-686E-4BF6-A2BE-FB128A1FF029"
			],
			"isa": "PBXGroup",
			"name": "libs",
			"path": "../../../addons/ofxUrg/libs",
			"sourceTree": "SOURCE_ROOT"
		},
		"18D27079-289A-4781-B97D-05B4BB14E6D7": {
			"fileRef": "AFA2B307-CBB8-40AD-AB8F-ED2B30473B94",
			"isa": "PBXBuildFile"
		},
		"191CD6FA2847E21E0085CBB6": {
			"fileEncoding": "4",
			"isa": "PBXFileReference",
			"lastKnownFileType": "text.plist.entitlements",
			"path": "of.entitlements",
			"sourceTree": "<group>"
		},
		"191EF70929D778A400F35F26": {
			"isa": "PBXFileReference",
			"lastKnownFileType": "folder",
			"name": "openFrameworks",
			"path": "../../../libs/openFrameworks",
			"sourceTree": "SOURCE_ROOT"
		},
		"19B789C429E5AB4A0082E9B8": {
			"buildActionMask": "2147483647",
			"files": [],
			"inputFileListPaths": [],
			"inputPaths": [],
			"isa": "PBXShellScriptBuildPhase",
			"outputFileListPaths": [],
			"outputPaths": [],
			"runOnlyForDeploymentPostprocessing": "0",
			"shellPath": "/bin/sh",
			"shellScript": "\"$OF_PATH/scripts/osx/xcode_project.sh\"\n",
			"showEnvVarsInLog": "0"
		},
		"1B16CE61-865E-4461-8789-391896B3E21D": {
			"explicitFileType": "sourcecode.c.h",
			"fileEncoding": "4",
			"isa": "PBXFileReference",
			"name": "urg_sensor.h",
			"path": "../../../addons/ofxUrg/libs/urg_library/include/urg_sensor.h",
			"sourceTree": "SOURCE_ROOT"
		},
		"1C0480D8-7BE2-49DE-A054-398ACB350986": {
			"fileRef": "C3DB46A6-1E3E-4E76-AE9D-125AE5E15668",
			"isa": "PBXBuildFile"
		},
		"1CD85A53-49D0-4758-BBC6-2FDC24D1D8ED": {
			"explicitFileType": "sourcecode.c.h",
			"fileEncoding": "4",
			"isa": "PBXFileReference",
			"name": "urg_detect_os.h",
			"path": "../../../addons/ofxUrg/libs/urg_library/include/urg_detect_os.h",
			"sourceTree": "SOURCE_ROOT"
		},
		"1D63D09D-DD57-4918-B306-2D93E8026972": {
			"explicitFileType": "sourcecode.c.c",
			"fileEncoding": "4",
			"isa": "PBXFileReference",
			"name": "urg_connection.c",
			"path": "../../../addons/ofxUrg/libs/urg_library/src/urg_connection.c",
			"sourceTree": "SOURCE_ROOT"
		},
		"251E0345-C587-46C7-90D8-4FBCF7CA3034": {
			"explicitFileType": "sourcecode.c.h",
			"fileEncoding": "4",
			"isa": "PBXFileReference",
			"name": "urg_connection.h",
			"path": "../../../addons/ofxUrg/libs/urg_library/include/urg_connection.h",
			"sourceTree": "SOURCE_ROOT"
		},
		"26883B32-3F0C-4657-896D-93AAA7A379AD": {
			"explicitFileType": "sourcecode.c.h",
			"fileEncoding": "4",
			"isa": "PBXFileReference",
			"name": "ticks.h",
			"path": "../../../addons/ofxUrg/libs/urg_library/include/ticks.h",
			"sourceTree": "SOURCE_ROOT"
		},
		"26CA6C31-016A-40FF-9EA4-A29A6BA2CD77": {
			"explicitFileType": "sourcecode.cpp.cpp",
			"fileEncoding": "4",
			"isa": "PBXFileReference",
			"name": "ofxUrg.cpp",
			"path": "../../../addons/ofxUrg/src/ofxUrg.cpp",
			"sourceTree": "SOURCE_ROOT"
		},
		"2B396D6E-7BD6-4B43-A4AB-A7CAFCD54DAD": {
			"explicitFileType": "sourcecode.c.c",
			"fileEncoding": "4",
			"isa": "PBXFileReference",
			"name": "urg_debug.c",
			"path": "../../../addons/ofxUrg/libs/urg_library/src/urg_debug.c",
			"sourceTree": "SOURCE_ROOT"
		},
		"2C92D363-825D-4DB7-889A-CCEED80FF762": {
			"children": [
				"1619AC88-2A5F-4AB0-879F-00F3623D8804",
				"9A4EAAAB-D0C9-48D6-8556-F77D920AAB76"
			],
			"isa": "PBXGroup",
			"name": "ofxUrg",
			"path": "../../../addons/ofxUrg",
			"sourceTree": "SOURCE_ROOT"
		},
		"2F14EA1E-7DF2-4BB1-9ADC-AB022A553CDD": {
			"explicitFileType": "sourcecode.c.h",
			"fileEncoding": "4",
			"isa": "PBXFileReference",
			"name": "math_utilities.h",
			"path": "../../../addons/ofxUrg/libs/urg_library/include/math_utilities.h",
			"sourceTree": "SOURCE_ROOT"
		},
		"3528D080-FAE5-42EF-B0A1-6AECAD3FE18B": {
			"explicitFileType": "sourcecode.c.c",
			"fileEncoding": "4",
			"isa": "PBXFileReference",
			"name": "urg_serial_linux.c",
			"path": "../../../addons/ofxUrg/libs/urg_library/src/urg_serial_linux.c",
			"sourceTree": "SOURCE_ROOT"
		},
		"3937F1AD-D4E5-4506-BEFF-572F1F8373AB": {
			"explicitFileType": "sourcecode.c.h",
			"fileEncoding": "4",
			"isa": "PBXFileReference",
			"name": "urg_serial.h",
			"path": "../../../addons/ofxUrg/libs/urg_library/include/urg_serial.h",
			"sourceTree": "SOURCE_ROOT"
		},
		"3ED0B4D7-8256-469A-AB6F-0C59ECC4FBE2": {
			"fileRef": "A626575A-B201-45B9-BA09-FACA8A62A94A",
			"isa": "PBXBuildFile"
		},
		"4EFA11DE-881B-4A1A-8E7F-6DA686EDCB4C": {
			"fileRef": "3528D080-FAE5-42EF-B0A1-6AECAD3FE18B",
			"isa": "PBXBuildFile"
		},
		"4F566613-7112-406A-B5DC-9046D85CF6D2": {
			"explicitFileType": "sourcecode.c.h",
			"fileEncoding": "4",
			"isa": "PBXFileReference",
			"name": "urg_ring_buffer.h",
			"path": "../../../addons/ofxUrg/libs/urg_library/include/urg_ring_buffer.h",
			"sourceTree": "SOURCE_ROOT"
		},
		"4FF8AC75-E697-4E3B-A89B-A0877885C16E": {
			"fileRef": "E3DCE0FC-AEB5-48D0-94BD-29C2DA9DE172",
			"isa": "PBXBuildFile"
		},
		"50F0689B-FF83-42FC-830A-2C9C7AD22B81": {
			"fileRef": "2B396D6E-7BD6-4B43-A4AB-A7CAFCD54DAD",
			"isa": "PBXBuildFile"
		},
		"705548D9-575A-4801-BE43-0C149EDE9921": {
			"fileRef": "26CA6C31-016A-40FF-9EA4-A29A6BA2CD77",
			"isa": "PBXBuildFile"
		},
		"764842FB-9A87-4C48-B2A6-EB5D7E99B12A": {
			"explicitFileType": "sourcecode.c.h",
			"fileEncoding": "4",
			"isa": "PBXFileReference",
			"name": "detect_os.h",
			"path": "../../../addons/ofxUrg/libs/urg_library/include/detect_os.h",
			"sourceTree": "SOURCE_ROOT"
		},
		"7AA980D9-E811-4802-A38A-BB65A486507B": {
			"explicitFileType": "sourcecode.c.c",
			"fileEncoding": "4",
			"isa": "PBXFileReference",
			"name": "urg_serial_utils.c",
			"path": "../../../addons/ofxUrg/libs/urg_library/src/urg_serial_utils.c",
			"sourceTree": "SOURCE_ROOT"
		},
		"7E08598D-CBBD-4AD9-843E-3F0A687621A0": {
			"explicitFileType": "sourcecode.c.h",
			"fileEncoding": "4",
			"isa": "PBXFileReference",
			"name": "Urg_driver.h",
			"path": "../../../addons/ofxUrg/libs/urg_library/include/Urg_driver.h",
			"sourceTree": "SOURCE_ROOT"
		},
		"8A43CD18-7E5D-41D8-8E8B-9F5EBF6D3944": {
			"explicitFileType": "sourcecode.cpp.cpp",
			"fileEncoding": "4",
			"isa": "PBXFileReference",
			"name": "ticks.cpp",
			"path": "../../../addons/ofxUrg/libs/urg_library/src/ticks.cpp",
			"sourceTree": "SOURCE_ROOT"
		},
		"8E204BFE-686E-4BF6-A2BE-FB128A1FF029": {
			"children": [
				"ECD3149C-63E0-46F1-9D8B-32A927B64AE7",
				"04B587F1-1C2D-4E48-9344-E7123F523073"
			],
			"isa": "PBXGroup",
			"name": "urg_library",
			"path": "../../../addons/ofxUrg/libs/urg_library",
			"sourceTree": "SOURCE_ROOT"
		},
		"9787D8D6-E946-457A-B8F2-1676A4935A9B": {
			"fileRef": "A92CB83F-C463-423E-9B82-CCA495AE1D31",
			"isa": "PBXBuildFile"
		},
		"9A4EAAAB-D0C9-48D6-8556-F77D920AAB76": {
			"children": [
				"26CA6C31-016A-40FF-9EA4-A29A6BA2CD77",
				"F84C35BA-0609-46A7-9B62-7F8AF5081FE4"
			],
			"isa": "PBXGroup",
			"name": "src",
			"path": "../../../addons/ofxUrg/src",
			"sourceTree": "SOURCE_ROOT"
		},
		"9CC73A0B-2AC6-4353-A2DC-80B57653F3E2": {
			"explicitFileType": "sourcecode.c.h",
			"fileEncoding": "4",
			"isa": "PBXFileReference",
			"name": "urg_debug.h",
			"path": "../../../addons/ofxUrg/libs/urg_library/include/urg_debug.h",
			"sourceTree": "SOURCE_ROOT"
		},
		"9EF71282-710F-4EDE-BC7A-D017590F8F37": {
			"fileRef": "10C3BA8E-26E2-417D-BDBF-CF3345AD62C7",
			"isa": "PBXBuildFile"
		},
		"A3A7F83B-2134-4744-819C-D274A6FB3291": {
			"fileRef": "E3EA2F9D-0E58-458D-88A5-36C74B11FBF6",
			"isa": "PBXBuildFile"
		},
		"A626575A-B201-45B9-BA09-FACA8A62A94A": {
			"explicitFileType": "sourcecode.c.c",
			"fileEncoding": "4",
			"isa": "PBXFileReference",
			"name": "urg_serial_windows.c",
			"path": "../../../addons/ofxUrg/libs/urg_library/src/urg_serial_windows.c",
			"sourceTree": "SOURCE_ROOT"
		},
		"A92CB83F-C463-423E-9B82-CCA495AE1D31": {
			"explicitFileType": "sourcecode.c.c",
			"fileEncoding": "4",
			"isa": "PBXFileReference",
			"name": "urg_tcpclient.c",
			"path": "../../../addons/ofxUrg/libs/urg_library/src/urg_tcpclient.c",
			"sourceTree": "SOURCE_ROOT"
		},
		"AD3C2DAA-7DB7-400E-973B-4ACC624FE726": {
			"fileRef": "8A43CD18-7E5D-41D8-8E8B-9F5EBF6D3944",
			"isa": "PBXBuildFile"
		},
		"AFA2B307-CBB8-40AD-AB8F-ED2B30473B94": {
			"explicitFileType": "sourcecode.c.c",
			"fileEncoding": "4",
			"isa": "PBXFileReference",
			"name": "urg_sensor.c",
			"path": "../../../addons/ofxUrg/libs/urg_library/src/urg_sensor.c",
			"sourceTree": "SOURCE_ROOT"
		},
		"BB4B014C10F69532006C3DED": {
			"children": [
				"2C92D363-825D-4DB7-889A-CCEED80FF762"
			],
			"isa": "PBXGroup",
			"name": "addons",
			"path": "../../../addons",
			"sourceTree": "<group>"
		},
		"C3C2FFBE-F138-4756-AA9D-B871EFB12811": {
			"explicitFileType": "sourcecode.c.h",
			"fileEncoding": "4",
			"isa": "PBXFileReference",
			"name": "Lidar.h",
			"path": "../../../addons/ofxUrg/libs/urg_library/include/Lidar.h",
			"sourceTree": "SOURCE_ROOT"
		},
		"C3DB46A6-1E3E-4E76-AE9D-125AE5E15668": {
			"explicitFileType": "sourcecode.c.c",
			"fileEncoding": "4",
			"isa": "PBXFileReference",
			"name": "urg_serial_utils_windows.c",
			"path": "../../../addons/ofxUrg/libs/urg_library/src/urg_serial_utils_windows.c",
			"sourceTree": "SOURCE_ROOT"
		},
		"C81572BB-C7EE-4EE8-88D2-3ECD14893FC9": {
			"explicitFileType": "sourcecode.c.h",
			"fileEncoding": "4",
			"isa": "PBXFileReference",
			"name": "urg_tcpclient.h",
			"path": "../../../addons/ofxUrg/libs/urg_library/include/urg_tcpclient.h",
			"sourceTree": "SOURCE_ROOT"
		},
		"C84E3B81-7BC9-4CA7-B80A-0469562148D8": {
			"explicitFileType": "sourcecode.c.c",
			"fileEncoding": "4",
			"isa": "PBXFileReference",
			"name": "urg_serial.c",
			"path": "../../../addons/ofxUrg/libs/urg_library/src/urg_serial.c",
			"sourceTree": "SOURCE_ROOT"
		},
		"E3DCE0FC-AEB5-48D0-94BD-29C2DA9DE172": {
			"explicitFileType": "sourcecode.cpp.cpp",
			"fileEncoding": "4",
			"isa": "PBXFileReference",
			"name": "Urg_driver.cpp",
			"path": "../../../addons/ofxUrg/libs/urg_library/src/Urg_driver.cpp",
			"sourceTree": "SOURCE_ROOT"
		},
		"E3EA2F9D-0E58-458D-88A5-36C74B11FBF6": {
			"explicitFileType": "sourcecode.c.c",
			"fileEncoding": "4",
			"isa": "PBXFileReference",
			"name": "urg_utils.c",
			"path": "../../../addons/ofxUrg/libs/urg_library/src/urg_utils.c",
			"sourceTree": "SOURCE_ROOT"
		},
		"E42962A92163ECCD00A6A9E2": {
			"alwaysOutOfDate": "1",
			"buildActionMask": "2147483647",
			"files": [],
			"inputPaths": [],
			"isa": "PBXShellScriptBuildPhase",
			"name": "Run Script — Compile OF",
			"outputPaths": [],
			"runOnlyForDeploymentPostprocessing": "0",
			"shellPath": "/bin/sh",
			"shellScript": "echo \"💾 Compiling Openframeworks\"\nxcodebuild -project \"$OF_PATH/libs/openFrameworksCompiled/project/osx/openFrameworksLib.xcodeproj\" -target openFrameworks -configuration \"${CONFIGURATION}\"  CLANG_CXX_LANGUAGE_STANDARD=$CLANG_CXX_LANGUAGE_STANDARD MACOSX_DEPLOYMENT_TARGET=$MACOSX_DEPLOYMENT_TARGET GCC_PREPROCESSOR_DEFINITIONS=$USER_PREPROCESSOR_DEFINITIONS\n",
			"showEnvVarsInLog": "0"
		},
		"E4A5B60F29BAAAE400C2D356": {
			"buildActionMask": "2147483647",
			"dstPath": "",
			"dstSubfolderSpec": "6",
			"files": [],
			"isa": "PBXCopyFilesBuildPhase",
			"runOnlyForDeploymentPostprocessing": "0"
		},
		"E4B69B4A0A3A1720003C02F2": {
			"children": [
				"191CD6FA2847E21E0085CBB6",
				"E4B6FCAD0C3E899E008CF71C",
				"E4EB6923138AFD0F00A09F29",
				"E4B69E1C0A3A1BDC003C02F2",
				"191EF70929D778A400F35F26",
				"BB4B014C10F69532006C3DED",
				"E4B69B5B0A3A1756003C02F2"
			],
			"isa": "PBXGroup",
			"sourceTree": "<group>"
		},
		"E4B69B4C0A3A1720003C02F2": {
			"attributes": {
				"LastUpgradeCheck": "0600"
			},
			"buildConfigurationList": "E4B69B4D0A3A1720003C02F2",
			"compatibilityVersion": "Xcode 3.2",
			"developmentRegion": "en",
			"hasScannedForEncodings": "0",
			"isa": "PBXProject",
			"knownRegions": [
				"en",
				"Base"
			],
			"mainGroup": "E4B69B4A0A3A1720003C02F2",
			"productRefGroup": "E4B69B4A0A3A1720003C02F2",
			"projectDirPath": "",
			"projectRoot": "",
			"targets": [
				"E4B69B5A0A3A1756003C02F2"
			]
		},
		"E4B69B4D0A3A1720003C02F2": {
			"buildConfigurations": [
				"E4B69B4E0A3A1720003C02F2",
				"E4B69B4F0A3A1720003C02F2"
			],
			"defaultConfigurationIsVisible": "0",
			"defaultConfigurationName": "Release",
			"isa": "XCConfigurationList"
		},
		"E4B69B4E0A3A1720003C02F2": {
			"baseConfigurationReference": "E4EB6923138AFD0F00A09F29",
			"buildSettings": {
				"CODE_SIGN_ENTITLEMENTS": "of.entitlements",
				"COPY_PHASE_STRIP": "NO",
				"ENABLE_TESTABILITY": "YES",
				"GCC_OPTIMIZATION_LEVEL": "0",
				"GCC_WARN_UNUSED_VARIABLE": "NO",
				"HEADER_SEARCH_PATHS": [
					"$(OF_CORE_HEADERS)",
					"src"
				],
				"OTHER_CPLUSPLUSFLAGS": "-D__MACOSX_CORE__"
			},
			"isa": "XCBuildConfiguration",
			"name": "Debug"
		},
		"E4B69B4F0A3A1720003C02F2": {
			"baseConfigurationReference": "E4EB6923138AFD0F00A09F29",
			"buildSettings": {
				"CODE_SIGN_ENTITLEMENTS": "of.entitlements",
				"COPY_PHASE_STRIP": "YES",
				"GCC_OPTIMIZATION_LEVEL": "3",
				"GCC_UNROLL_LOOPS": "YES",
				"HEADER_SEARCH_PATHS": [
					"$(OF_CORE_HEADERS)",
					"src"
				],
				"OTHER_CPLUSPLUSFLAGS": "-D__MACOSX_CORE__"
			},
			"isa": "XCBuildConfiguration",
			"name": "Release"
		},
		"E4B69B580A3A1756003C02F2": {
			"buildActionMask": "2147483647",
			"files": [
				"E4B69E200A3A1BDC003C02F2",
				"E4B69E210A3A1BDC003C02F2",
				"4FF8AC75-E697-4E3B-A89B-A0877885C16E",
				"AD3C2DAA-7DB7-400E-973B-4ACC624FE726",
				"EB713FFA-3220-4777-89F1-48A643866CC8",
				"50F0689B-FF83-42FC-830A-2C9C7AD22B81",
				"9EF71282-710F-4EDE-BC7A-D017590F8F37",
				"18D27079-289A-4781-B97D-05B4BB14E6D7",
				"FAC4D386-53F2-4B19-9B76-187AF903C6E5",
				"4EFA11DE-881B-4A1A-8E7F-6DA686EDCB4C",
				"01B38BC8-FAD1-4B3D-A1D4-4C3CD9F54BCF",
				"E69838CE-80EC-411E-8F9C-06719FC9373B",
				"1C0480D8-7BE2-49DE-A054-398ACB350986",
				"3ED0B4D7-8256-469A-AB6F-0C59ECC4FBE2",
				"9787D8D6-E946-457A-B8F2-1676A4935A9B",
				"A3A7F83B-2134-4744-819C-D274A6FB3291",
				"705548D9-575A-4801-BE43-0C149EDE9921"
			],
			"isa": "PBXSourcesBuildPhase",
			"runOnlyForDeploymentPostprocessing": "0"
		},
		"E4B69B590A3A1756003C02F2": {
			"buildActionMask": "2147483647",
			"files": [],
			"isa": "PBXFrameworksBuildPhase",
			"runOnlyForDeploymentPostprocessing": "0"
		},
		"E4B69B5A0A3A1756003C02F2": {
			"buildConfigurationList": "E4B69B5F0A3A1757003C02F2",
			"buildPhases": [
				"E42962A92163ECCD00A6A9E2",
				"E4B69B580A3A1756003C02F2",
				"E4B69B590A3A1756003C02F2",
				"E4C2427710CC5ABF004149E2",
				"E4A5B60F29BAAAE400C2D356",
				"19B789C429E5AB4A0082E9B8"
			],
			"buildRules": [],
			"dependencies": [],
			"isa": "PBXNativeTarget",
			"name": "example",
			"productName": "myOFApp",
			"productReference": "E4B69B5B0A3A1756003C02F2",
			"productType": "com.apple.product-type.application"
		},
		"E4B69B5B0A3A1756003C02F2": {
			"explicitFileType": "wrapper.application",
			"includeInIndex": "0",
			"isa": "PBXFileReference",
			"path": "exampleDebug.app",
			"sourceTree": "BUILT_PRODUCTS_DIR"
		},
		"E4B69B5F0A3A1757003C02F2": {
			"buildConfigurations": [
				"E4B69B600A3A1757003C02F2",
				"E4B69B610A3A1757003C02F2"
			],
			"defaultConfigurationIsVisible": "0",
			"defaultConfigurationName": "Release",
			"isa": "XCConfigurationList"
		},
		"E4B69B600A3A1757003C02F2": {
			"baseConfigurationReference": "E4EB6923138AFD0F00A09F29",
			"buildSettings": {
				"ARCHS": "$(ARCHS_STANDARD)",
				"COPY_PHASE_STRIP": "NO",
				"FRAMEWORK_SEARCH_PATHS": "$(inherited)",
				"GCC_DYNAMIC_NO_PIC": "NO",
				"HEADER_SEARCH_PATHS": [
					"$(OF_CORE_HEADERS)",
					"src",
					"src",
					"../../../addons/ofxUrg/libs",
					"../../../addons/ofxUrg/libs/urg_library",
					"../../../addons/ofxUrg/libs/urg_library/include",
					"../../../addons/ofxUrg/libs/urg_library/src",
					"../../../addons/ofxUrg/src"
				],
				"LIBRARY_SEARCH_PATHS": "$(inherited)",
				"OTHER_LDFLAGS": [
					"$(OF_CORE_LIBS)",
					"$(OF_CORE_FRAMEWORKS)",
					"$(LIB_OF_DEBUG)"
				]
			},
			"isa": "XCBuildConfiguration",
			"name": "Debug"
		},
		"E4B69B610A3A1757003C02F2": {
			"baseConfigurationReference": "E4EB6923138AFD0F00A09F29",
			"buildSettings": {
				"ARCHS": "$(ARCHS_STANDARD)",
				"COPY_PHASE_STRIP": "YES",
				"FRAMEWORK_SEARCH_PATHS": "$(inherited)",
				"HEADER_SEARCH_PATHS": [
					"$(OF_CORE_HEADERS)",
					"src",
					"src",
					"../../../addons/ofxUrg/libs",
					"../../../addons/ofxUrg/libs/urg_library",
					"../../../addons/ofxUrg/libs/urg_library/include",
					"../../../addons/ofxUrg/libs/urg_library/src",
					"../../../addons/ofxUrg/src"
				],
				"LIBRARY_SEARCH_PATHS": "$(inherited)",
				"OTHER_LDFLAGS": [
					"$(OF_CORE_LIBS)",
					"$(OF_CORE_FRAMEWORKS)",
					"$(LIB_OF)"
				],
				"baseConfigurationReference": "E4EB6923138AFD0F00A09F29"
			},
			"isa": "XCBuildConfiguration",
			"name": "Release"
		},
		"E4B69E1C0A3A1BDC003C02F2": {
			"children": [
				"E4B69E1D0A3A1BDC003C02F2",
				"E4B69E1E0A3A1BDC003C02F2",
				"E4B69E1F0A3A1BDC003C02F2"
			],
			"isa": "PBXGroup",
			"path": "src",
			"sourceTree": "SOURCE_ROOT"
		},
		"E4B69E1D0A3A1BDC003C02F2": {
			"fileEncoding": "4",
			"isa": "PBXFileReference",
			"lastKnownFileType": "sourcecode.cpp.cpp",
			"name": "main.cpp",
			"path": "src/main.cpp",
			"sourceTree": "SOURCE_ROOT"
		},
		"E4B69E1E0A3A1BDC003C02F2": {
			"explicitFileType": "sourcecode.cpp.cpp",
			"fileEncoding": "4",
			"isa": "PBXFileReference",
			"name": "ofApp.cpp",
			"path": "src/ofApp.cpp",
			"sourceTree": "SOURCE_ROOT"
		},
		"E4B69E1F0A3A1BDC003C02F2": {
			"fileEncoding": "4",
			"isa": "PBXFileReference",
			"lastKnownFileType": "sourcecode.c.h",
			"name": "ofApp.h",
			"path": "src/ofApp.h",
			"sourceTree": "SOURCE_ROOT"
		},
		"E4B69E200A3A1BDC003C02F2": {
			"fileRef": "E4B69E1D0A3A1BDC003C02F2",
			"isa": "PBXBuildFile"
		},
		"E4B69E210A3A1BDC003C02F2": {
			"fileRef": "E4B69E1E0A3A1BDC003C02F2",
			"isa": "PBXBuildFile"
		},
		"E4B6FCAD0C3E899E008CF71C": {
			"fileEncoding": "4",
			"isa": "PBXFileReference",
			"lastKnownFileType": "text.plist.xml",
			"path": "openFrameworks-Info.plist",
			"sourceTree": "<group>"
		},
		"E4C2427710CC5ABF004149E2": {
			"buildActionMask": "2147483647",
			"dstPath": "",
			"dstSubfolderSpec": "10",
			"files": [],
			"isa": "PBXCopyFilesBuildPhase",
			"runOnlyForDeploymentPostprocessing": "0"
		},
		"E4EB6923138AFD0F00A09F29": {
			"fileEncoding": "4",
			"isa": "PBXFileReference",
			"lastKnownFileType": "text.xcconfig",
			"path": "Project.xcconfig",
			"sourceTree": "<group>"
		},
		"E69838CE-80EC-411E-8F9C-06719FC9373B": {
			"fileRef": "0E789712-035A-4FE2-B835-040C530F141F",
			"isa": "PBXBuildFile"
		},
		"E9882F07-BACD-41B8-AF5C-70D536471F38": {
			"explicitFileType": "sourcecode.c.h",
			"fileEncoding": "4",
			"isa": "PBXFileReference",
			"name": "urg_errno.h",
			"path": "../../../addons/ofxUrg/libs/urg_library/include/urg_errno.h",
			"sourceTree": "SOURCE_ROOT"
		},
		"EB713FFA-3220-4777-89F1-48A643866CC8": {
			"fileRef": "1D63D09D-DD57-4918-B306-2D93E8026972",
			"isa": "PBXBuildFile"
		},
		"ECD3149C-63E0-46F1-9D8B-32A927B64AE7": {
			"children": [
				"C3C2FFBE-F138-4756-AA9D-B871EFB12811",
				"7E08598D-CBBD-4AD9-843E-3F0A687621A0",
				"764842FB-9A87-4C48-B2A6-EB5D7E99B12A",
				"2F14EA1E-7DF2-4BB1-9ADC-AB022A553CDD",
				"26883B32-3F0C-4657-896D-93AAA7A379AD",
				"251E0345-C587-46C7-90D8-4FBCF7CA3034",
				"9CC73A0B-2AC6-4353-A2DC-80B57653F3E2",
				"1CD85A53-49D0-4758-BBC6-2FDC24D1D8ED",
				"E9882F07-BACD-41B8-AF5C-70D536471F38",
				"4F566613-7112-406A-B5DC-9046D85CF6D2",
				"1B16CE61-865E-4461-8789-391896B3E21D",
				"3937F1AD-D4E5-4506-BEFF-572F1F8373AB",
				"0E01024D-2DA2-4607-83A1-88D039192EAA",
				"C81572BB-C7EE-4EE8-88D2-3ECD14893FC9",
				"F75D4BBD-1B8B-48F8-AF03-39A18412B32D"
			],
			"isa": "PBXGroup",
			"name": "include",
			"path": "../../../addons/ofxUrg/libs/urg_library/include",
			"sourceTree": "SOURCE_ROOT"
		},
		"F75D4BBD-1B8B-48F8-AF03-39A18412B32D": {
			"explicitFileType": "sourcecode.c.h",
			"fileEncoding": "4",
			"isa": "PBXFileReference",
			"name": "urg_utils.h",
			"path": "../../../addons/ofxUrg/libs/urg_library/include/urg_utils.h",
			"sourceTree": "SOURCE_ROOT"
		},
		"F84C35BA-0609-46A7-9B62-7F8AF5081FE4": {
			"explicitFileType": "sourcecode.c.h",
			"fileEncoding": "4",
			"isa": "PBXFileReference",
			"name": "ofxUrg.h",
			"path": "../../../addons/ofxUrg/src/ofxUrg.h",
			"sourceTree": "SOURCE_ROOT"
		},
		"FAC4D386-53F2-4B19-9B76-187AF903C6E5": {
			"fileRef": "C84E3B81-7BC9-4CA7-B80A-0469562148D8",
			"isa": "PBXBuildFile"
		}
	},
	"openFrameworksProjectGeneratorVersion": "21",
	"rootObject": "E4B69B4C0A3A1720003C02F2"
}